
Microsoft Visual Studio Solution File, Format Version 12.00
# Visual Studio Version 16
VisualStudioVersion = 16.0.29306.81
MinimumVisualStudioVersion = 10.0.40219.1
Project("{FAE04EC0-301F-11D3-BF4B-00C04F79EFBC}") = "Lab 2", "Lab 2\Lab 2.csproj", "{9803CE6A-333F-4D88-977B-EAD9E3964660}"
EndProject
Global
	GlobalSection(SolutionConfigurationPlatforms) = preSolution
		Debug|Any CPU = Debug|Any CPU
		Release|Any CPU = Release|Any CPU
	EndGlobalSection
	GlobalSection(ProjectConfigurationPlatforms) = postSolution
		{9803CE6A-333F-4D88-977B-EAD9E3964660}.Debug|Any CPU.ActiveCfg = Debug|Any CPU
		{9803CE6A-333F-4D88-977B-EAD9E3964660}.Debug|Any CPU.Build.0 = Debug|Any CPU
		{9803CE6A-333F-4D88-977B-EAD9E3964660}.Release|Any CPU.ActiveCfg = Release|Any CPU
		{9803CE6A-333F-4D88-977B-EAD9E3964660}.Release|Any CPU.Build.0 = Release|Any CPU
	EndGlobalSection
	GlobalSection(SolutionProperties) = preSolution
		HideSolutionNode = FALSE
	EndGlobalSection
	GlobalSection(ExtensibilityGlobals) = postSolution
		SolutionGuid = {FCBA5042-3229-4B9A-ADE9-6128B35659EA}
	EndGlobalSection
EndGlobal
