
Microsoft Visual Studio Solution File, Format Version 12.00
# Visual Studio Version 16
VisualStudioVersion = 16.0.29306.81
MinimumVisualStudioVersion = 10.0.40219.1
Project("{FAE04EC0-301F-11D3-BF4B-00C04F79EFBC}") = "Lab 6", "Lab 6\Lab 6.csproj", "{DCEE21F7-6FDF-4016-A4ED-D14406721D33}"
EndProject
Global
	GlobalSection(SolutionConfigurationPlatforms) = preSolution
		Debug|Any CPU = Debug|Any CPU
		Release|Any CPU = Release|Any CPU
	EndGlobalSection
	GlobalSection(ProjectConfigurationPlatforms) = postSolution
		{DCEE21F7-6FDF-4016-A4ED-D14406721D33}.Debug|Any CPU.ActiveCfg = Debug|Any CPU
		{DCEE21F7-6FDF-4016-A4ED-D14406721D33}.Debug|Any CPU.Build.0 = Debug|Any CPU
		{DCEE21F7-6FDF-4016-A4ED-D14406721D33}.Release|Any CPU.ActiveCfg = Release|Any CPU
		{DCEE21F7-6FDF-4016-A4ED-D14406721D33}.Release|Any CPU.Build.0 = Release|Any CPU
	EndGlobalSection
	GlobalSection(SolutionProperties) = preSolution
		HideSolutionNode = FALSE
	EndGlobalSection
	GlobalSection(ExtensibilityGlobals) = postSolution
		SolutionGuid = {B74788F2-84A1-4D4E-9E59-DB95396599F9}
	EndGlobalSection
EndGlobal
